
Microsoft Visual Studio Solution File, Format Version 12.00
# Visual Studio Version 17
VisualStudioVersion = 17.4.33213.308
MinimumVisualStudioVersion = 10.0.40219.1
Project("{FAE04EC0-301F-11D3-BF4B-00C04F79EFBC}") = "Game", "Game\Game.csproj", "{B0A6EF88-3074-414E-9328-1E5C323A38E5}"
EndProject
Global
	GlobalSection(SolutionConfigurationPlatforms) = preSolution
		Debug|Any CPU = Debug|Any CPU
		Release|Any CPU = Release|Any CPU
	EndGlobalSection
	GlobalSection(ProjectConfigurationPlatforms) = postSolution
		{B0A6EF88-3074-414E-9328-1E5C323A38E5}.Debug|Any CPU.ActiveCfg = Debug|Any CPU
		{B0A6EF88-3074-414E-9328-1E5C323A38E5}.Debug|Any CPU.Build.0 = Debug|Any CPU
		{B0A6EF88-3074-414E-9328-1E5C323A38E5}.Release|Any CPU.ActiveCfg = Release|Any CPU
		{B0A6EF88-3074-414E-9328-1E5C323A38E5}.Release|Any CPU.Build.0 = Release|Any CPU
	EndGlobalSection
	GlobalSection(SolutionProperties) = preSolution
		HideSolutionNode = FALSE
	EndGlobalSection
	GlobalSection(ExtensibilityGlobals) = postSolution
		SolutionGuid = {CED69175-B978-47C8-8942-065B0FA8004F}
	EndGlobalSection
EndGlobal
